// !$*UTF8*$!
{
	archiveVersion = 1;
	classes = {
	};
	objectVersion = 46;
	objects = {

/* Begin PBXBuildFile section */
		F0301DC51C20574000301CA8 /* AppDelegate.swift in Sources */ = {isa = PBXBuildFile; fileRef = F0301DC41C20574000301CA8 /* AppDelegate.swift */; };
		F0301DC71C20574000301CA8 /* ViewController.swift in Sources */ = {isa = PBXBuildFile; fileRef = F0301DC61C20574000301CA8 /* ViewController.swift */; };
		F0301DCA1C20574000301CA8 /* Main.storyboard in Resources */ = {isa = PBXBuildFile; fileRef = F0301DC81C20574000301CA8 /* Main.storyboard */; };
		F0301DCD1C20574000301CA8 /* Slide_Menu.xcdatamodeld in Sources */ = {isa = PBXBuildFile; fileRef = F0301DCB1C20574000301CA8 /* Slide_Menu.xcdatamodeld */; };
		F0301DCF1C20574000301CA8 /* Assets.xcassets in Resources */ = {isa = PBXBuildFile; fileRef = F0301DCE1C20574000301CA8 /* Assets.xcassets */; };
		F0301DD21C20574000301CA8 /* LaunchScreen.storyboard in Resources */ = {isa = PBXBuildFile; fileRef = F0301DD01C20574000301CA8 /* LaunchScreen.storyboard */; };
		F0301DDD1C20574100301CA8 /* Slide_MenuTests.swift in Sources */ = {isa = PBXBuildFile; fileRef = F0301DDC1C20574100301CA8 /* Slide_MenuTests.swift */; };
		F0301DE81C20574100301CA8 /* Slide_MenuUITests.swift in Sources */ = {isa = PBXBuildFile; fileRef = F0301DE71C20574100301CA8 /* Slide_MenuUITests.swift */; };
/* End PBXBuildFile section */

/* Begin PBXContainerItemProxy section */
		F0301DD91C20574100301CA8 /* PBXContainerItemProxy */ = {
			isa = PBXContainerItemProxy;
			containerPortal = F0301DB91C20574000301CA8 /* Project object */;
			proxyType = 1;
			remoteGlobalIDString = F0301DC01C20574000301CA8;
			remoteInfo = "Slide Menu";
		};
		F0301DE41C20574100301CA8 /* PBXContainerItemProxy */ = {
			isa = PBXContainerItemProxy;
			containerPortal = F0301DB91C20574000301CA8 /* Project object */;
			proxyType = 1;
			remoteGlobalIDString = F0301DC01C20574000301CA8;
			remoteInfo = "Slide Menu";
		};
/* End PBXContainerItemProxy section */

/* Begin PBXFileReference section */
		F0301DC11C20574000301CA8 /* Slide Menu.app */ = {isa = PBXFileReference; explicitFileType = wrapper.application; includeInIndex = 0; path = "Slide Menu.app"; sourceTree = BUILT_PRODUCTS_DIR; };
		F0301DC41C20574000301CA8 /* AppDelegate.swift */ = {isa = PBXFileReference; lastKnownFileType = sourcecode.swift; path = AppDelegate.swift; sourceTree = "<group>"; };
		F0301DC61C20574000301CA8 /* ViewController.swift */ = {isa = PBXFileReference; lastKnownFileType = sourcecode.swift; path = ViewController.swift; sourceTree = "<group>"; };
		F0301DC91C20574000301CA8 /* Base */ = {isa = PBXFileReference; lastKnownFileType = file.storyboard; name = Base; path = Base.lproj/Main.storyboard; sourceTree = "<group>"; };
		F0301DCC1C20574000301CA8 /* Slide_Menu.xcdatamodel */ = {isa = PBXFileReference; lastKnownFileType = wrapper.xcdatamodel; path = Slide_Menu.xcdatamodel; sourceTree = "<group>"; };
		F0301DCE1C20574000301CA8 /* Assets.xcassets */ = {isa = PBXFileReference; lastKnownFileType = folder.assetcatalog; path = Assets.xcassets; sourceTree = "<group>"; };
		F0301DD11C20574000301CA8 /* Base */ = {isa = PBXFileReference; lastKnownFileType = file.storyboard; name = Base; path = Base.lproj/LaunchScreen.storyboard; sourceTree = "<group>"; };
		F0301DD31C20574000301CA8 /* Info.plist */ = {isa = PBXFileReference; lastKnownFileType = text.plist.xml; path = Info.plist; sourceTree = "<group>"; };
		F0301DD81C20574100301CA8 /* Slide MenuTests.xctest */ = {isa = PBXFileReference; explicitFileType = wrapper.cfbundle; includeInIndex = 0; path = "Slide MenuTests.xctest"; sourceTree = BUILT_PRODUCTS_DIR; };
		F0301DDC1C20574100301CA8 /* Slide_MenuTests.swift */ = {isa = PBXFileReference; lastKnownFileType = sourcecode.swift; path = Slide_MenuTests.swift; sourceTree = "<group>"; };
		F0301DDE1C20574100301CA8 /* Info.plist */ = {isa = PBXFileReference; lastKnownFileType = text.plist.xml; path = Info.plist; sourceTree = "<group>"; };
		F0301DE31C20574100301CA8 /* Slide MenuUITests.xctest */ = {isa = PBXFileReference; explicitFileType = wrapper.cfbundle; includeInIndex = 0; path = "Slide MenuUITests.xctest"; sourceTree = BUILT_PRODUCTS_DIR; };
		F0301DE71C20574100301CA8 /* Slide_MenuUITests.swift */ = {isa = PBXFileReference; lastKnownFileType = sourcecode.swift; path = Slide_MenuUITests.swift; sourceTree = "<group>"; };
		F0301DE91C20574100301CA8 /* Info.plist */ = {isa = PBXFileReference; lastKnownFileType = text.plist.xml; path = Info.plist; sourceTree = "<group>"; };
/* End PBXFileReference section */

/* Begin PBXFrameworksBuildPhase section */
		F0301DBE1C20574000301CA8 /* Frameworks */ = {
			isa = PBXFrameworksBuildPhase;
			buildActionMask = 2147483647;
			files = (
			);
			runOnlyForDeploymentPostprocessing = 0;
		};
		F0301DD51C20574100301CA8 /* Frameworks */ = {
			isa = PBXFrameworksBuildPhase;
			buildActionMask = 2147483647;
			files = (
			);
			runOnlyForDeploymentPostprocessing = 0;
		};
		F0301DE01C20574100301CA8 /* Frameworks */ = {
			isa = PBXFrameworksBuildPhase;
			buildActionMask = 2147483647;
			files = (
			);
			runOnlyForDeploymentPostprocessing = 0;
		};
/* End PBXFrameworksBuildPhase section */

/* Begin PBXGroup section */
		F0301DB81C20574000301CA8 = {
			isa = PBXGroup;
			children = (
				F0301DC31C20574000301CA8 /* Slide Menu */,
				F0301DDB1C20574100301CA8 /* Slide MenuTests */,
				F0301DE61C20574100301CA8 /* Slide MenuUITests */,
				F0301DC21C20574000301CA8 /* Products */,
			);
			sourceTree = "<group>";
		};
		F0301DC21C20574000301CA8 /* Products */ = {
			isa = PBXGroup;
			children = (
				F0301DC11C20574000301CA8 /* Slide Menu.app */,
				F0301DD81C20574100301CA8 /* Slide MenuTests.xctest */,
				F0301DE31C20574100301CA8 /* Slide MenuUITests.xctest */,
			);
			name = Products;
			sourceTree = "<group>";
		};
		F0301DC31C20574000301CA8 /* Slide Menu */ = {
			isa = PBXGroup;
			children = (
				F0301DC41C20574000301CA8 /* AppDelegate.swift */,
				F0301DC61C20574000301CA8 /* ViewController.swift */,
				F0301DC81C20574000301CA8 /* Main.storyboard */,
				F0301DCE1C20574000301CA8 /* Assets.xcassets */,
				F0301DD01C20574000301CA8 /* LaunchScreen.storyboard */,
				F0301DD31C20574000301CA8 /* Info.plist */,
				F0301DCB1C20574000301CA8 /* Slide_Menu.xcdatamodeld */,
			);
			path = "Slide Menu";
			sourceTree = "<group>";
		};
		F0301DDB1C20574100301CA8 /* Slide MenuTests */ = {
			isa = PBXGroup;
			children = (
				F0301DDC1C20574100301CA8 /* Slide_MenuTests.swift */,
				F0301DDE1C20574100301CA8 /* Info.plist */,
			);
			path = "Slide MenuTests";
			sourceTree = "<group>";
		};
		F0301DE61C20574100301CA8 /* Slide MenuUITests */ = {
			isa = PBXGroup;
			children = (
				F0301DE71C20574100301CA8 /* Slide_MenuUITests.swift */,
				F0301DE91C20574100301CA8 /* Info.plist */,
			);
			path = "Slide MenuUITests";
			sourceTree = "<group>";
		};
/* End PBXGroup section */

/* Begin PBXNativeTarget section */
		F0301DC01C20574000301CA8 /* Slide Menu */ = {
			isa = PBXNativeTarget;
			buildConfigurationList = F0301DEC1C20574100301CA8 /* Build configuration list for PBXNativeTarget "Slide Menu" */;
			buildPhases = (
				F0301DBD1C20574000301CA8 /* Sources */,
				F0301DBE1C20574000301CA8 /* Frameworks */,
				F0301DBF1C20574000301CA8 /* Resources */,
			);
			buildRules = (
			);
			dependencies = (
			);
			name = "Slide Menu";
			productName = "Slide Menu";
			productReference = F0301DC11C20574000301CA8 /* Slide Menu.app */;
			productType = "com.apple.product-type.application";
		};
		F0301DD71C20574100301CA8 /* Slide MenuTests */ = {
			isa = PBXNativeTarget;
			buildConfigurationList = F0301DEF1C20574100301CA8 /* Build configuration list for PBXNativeTarget "Slide MenuTests" */;
			buildPhases = (
				F0301DD41C20574100301CA8 /* Sources */,
				F0301DD51C20574100301CA8 /* Frameworks */,
				F0301DD61C20574100301CA8 /* Resources */,
			);
			buildRules = (
			);
			dependencies = (
				F0301DDA1C20574100301CA8 /* PBXTargetDependency */,
			);
			name = "Slide MenuTests";
			productName = "Slide MenuTests";
			productReference = F0301DD81C20574100301CA8 /* Slide MenuTests.xctest */;
			productType = "com.apple.product-type.bundle.unit-test";
		};
		F0301DE21C20574100301CA8 /* Slide MenuUITests */ = {
			isa = PBXNativeTarget;
			buildConfigurationList = F0301DF21C20574100301CA8 /* Build configuration list for PBXNativeTarget "Slide MenuUITests" */;
			buildPhases = (
				F0301DDF1C20574100301CA8 /* Sources */,
				F0301DE01C20574100301CA8 /* Frameworks */,
				F0301DE11C20574100301CA8 /* Resources */,
			);
			buildRules = (
			);
			dependencies = (
				F0301DE51C20574100301CA8 /* PBXTargetDependency */,
			);
			name = "Slide MenuUITests";
			productName = "Slide MenuUITests";
			productReference = F0301DE31C20574100301CA8 /* Slide MenuUITests.xctest */;
			productType = "com.apple.product-type.bundle.ui-testing";
		};
/* End PBXNativeTarget section */

/* Begin PBXProject section */
		F0301DB91C20574000301CA8 /* Project object */ = {
			isa = PBXProject;
			attributes = {
				LastSwiftUpdateCheck = 0710;
				LastUpgradeCheck = 0710;
				ORGANIZATIONNAME = Amrit;
				TargetAttributes = {
					F0301DC01C20574000301CA8 = {
						CreatedOnToolsVersion = 7.1.1;
						DevelopmentTeam = PVQ3KQ4EA2;
					};
					F0301DD71C20574100301CA8 = {
						CreatedOnToolsVersion = 7.1.1;
						DevelopmentTeam = PVQ3KQ4EA2;
						TestTargetID = F0301DC01C20574000301CA8;
					};
					F0301DE21C20574100301CA8 = {
						CreatedOnToolsVersion = 7.1.1;
						DevelopmentTeam = PVQ3KQ4EA2;
						TestTargetID = F0301DC01C20574000301CA8;
					};
				};
			};
			buildConfigurationList = F0301DBC1C20574000301CA8 /* Build configuration list for PBXProject "Slide Menu" */;
			compatibilityVersion = "Xcode 3.2";
			developmentRegion = English;
			hasScannedForEncodings = 0;
			knownRegions = (
				en,
				Base,
			);
			mainGroup = F0301DB81C20574000301CA8;
			productRefGroup = F0301DC21C20574000301CA8 /* Products */;
			projectDirPath = "";
			projectRoot = "";
			targets = (
				F0301DC01C20574000301CA8 /* Slide Menu */,
				F0301DD71C20574100301CA8 /* Slide MenuTests */,
				F0301DE21C20574100301CA8 /* Slide MenuUITests */,
			);
		};
/* End PBXProject section */

/* Begin PBXResourcesBuildPhase section */
		F0301DBF1C20574000301CA8 /* Resources */ = {
			isa = PBXResourcesBuildPhase;
			buildActionMask = 2147483647;
			files = (
				F0301DD21C20574000301CA8 /* LaunchScreen.storyboard in Resources */,
				F0301DCF1C20574000301CA8 /* Assets.xcassets in Resources */,
				F0301DCA1C20574000301CA8 /* Main.storyboard in Resources */,
			);
			runOnlyForDeploymentPostprocessing = 0;
		};
		F0301DD61C20574100301CA8 /* Resources */ = {
			isa = PBXResourcesBuildPhase;
			buildActionMask = 2147483647;
			files = (
			);
			runOnlyForDeploymentPostprocessing = 0;
		};
		F0301DE11C20574100301CA8 /* Resources */ = {
			isa = PBXResourcesBuildPhase;
			buildActionMask = 2147483647;
			files = (
			);
			runOnlyForDeploymentPostprocessing = 0;
		};
/* End PBXResourcesBuildPhase section */

/* Begin PBXSourcesBuildPhase section */
		F0301DBD1C20574000301CA8 /* Sources */ = {
			isa = PBXSourcesBuildPhase;
			buildActionMask = 2147483647;
			files = (
				F0301DC71C20574000301CA8 /* ViewController.swift in Sources */,
				F0301DC51C20574000301CA8 /* AppDelegate.swift in Sources */,
				F0301DCD1C20574000301CA8 /* Slide_Menu.xcdatamodeld in Sources */,
			);
			runOnlyForDeploymentPostprocessing = 0;
		};
		F0301DD41C20574100301CA8 /* Sources */ = {
			isa = PBXSourcesBuildPhase;
			buildActionMask = 2147483647;
			files = (
				F0301DDD1C20574100301CA8 /* Slide_MenuTests.swift in Sources */,
			);
			runOnlyForDeploymentPostprocessing = 0;
		};
		F0301DDF1C20574100301CA8 /* Sources */ = {
			isa = PBXSourcesBuildPhase;
			buildActionMask = 2147483647;
			files = (
				F0301DE81C20574100301CA8 /* Slide_MenuUITests.swift in Sources */,
			);
			runOnlyForDeploymentPostprocessing = 0;
		};
/* End PBXSourcesBuildPhase section */

/* Begin PBXTargetDependency section */
		F0301DDA1C20574100301CA8 /* PBXTargetDependency */ = {
			isa = PBXTargetDependency;
			target = F0301DC01C20574000301CA8 /* Slide Menu */;
			targetProxy = F0301DD91C20574100301CA8 /* PBXContainerItemProxy */;
		};
		F0301DE51C20574100301CA8 /* PBXTargetDependency */ = {
			isa = PBXTargetDependency;
			target = F0301DC01C20574000301CA8 /* Slide Menu */;
			targetProxy = F0301DE41C20574100301CA8 /* PBXContainerItemProxy */;
		};
/* End PBXTargetDependency section */

/* Begin PBXVariantGroup section */
		F0301DC81C20574000301CA8 /* Main.storyboard */ = {
			isa = PBXVariantGroup;
			children = (
				F0301DC91C20574000301CA8 /* Base */,
			);
			name = Main.storyboard;
			sourceTree = "<group>";
		};
		F0301DD01C20574000301CA8 /* LaunchScreen.storyboard */ = {
			isa = PBXVariantGroup;
			children = (
				F0301DD11C20574000301CA8 /* Base */,
			);
			name = LaunchScreen.storyboard;
			sourceTree = "<group>";
		};
/* End PBXVariantGroup section */

/* Begin XCBuildConfiguration section */
		F0301DEA1C20574100301CA8 /* Debug */ = {
			isa = XCBuildConfiguration;
			buildSettings = {
				ALWAYS_SEARCH_USER_PATHS = NO;
				CLANG_CXX_LANGUAGE_STANDARD = "gnu++0x";
				CLANG_CXX_LIBRARY = "libc++";
				CLANG_ENABLE_MODULES = YES;
				CLANG_ENABLE_OBJC_ARC = YES;
				CLANG_WARN_BOOL_CONVERSION = YES;
				CLANG_WARN_CONSTANT_CONVERSION = YES;
				CLANG_WARN_DIRECT_OBJC_ISA_USAGE = YES_ERROR;
				CLANG_WARN_EMPTY_BODY = YES;
				CLANG_WARN_ENUM_CONVERSION = YES;
				CLANG_WARN_INT_CONVERSION = YES;
				CLANG_WARN_OBJC_ROOT_CLASS = YES_ERROR;
				CLANG_WARN_UNREACHABLE_CODE = YES;
				CLANG_WARN__DUPLICATE_METHOD_MATCH = YES;
				"CODE_SIGN_IDENTITY[sdk=iphoneos*]" = "iPhone Developer";
				COPY_PHASE_STRIP = NO;
				DEBUG_INFORMATION_FORMAT = dwarf;
				ENABLE_STRICT_OBJC_MSGSEND = YES;
				ENABLE_TESTABILITY = YES;
				GCC_C_LANGUAGE_STANDARD = gnu99;
				GCC_DYNAMIC_NO_PIC = NO;
				GCC_NO_COMMON_BLOCKS = YES;
				GCC_OPTIMIZATION_LEVEL = 0;
				GCC_PREPROCESSOR_DEFINITIONS = (
					"DEBUG=1",
					"$(inherited)",
				);
				GCC_WARN_64_TO_32_BIT_CONVERSION = YES;
				GCC_WARN_ABOUT_RETURN_TYPE = YES_ERROR;
				GCC_WARN_UNDECLARED_SELECTOR = YES;
				GCC_WARN_UNINITIALIZED_AUTOS = YES_AGGRESSIVE;
				GCC_WARN_UNUSED_FUNCTION = YES;
				GCC_WARN_UNUSED_VARIABLE = YES;
				IPHONEOS_DEPLOYMENT_TARGET = 9.1;
				MTL_ENABLE_DEBUG_INFO = YES;
				ONLY_ACTIVE_ARCH = YES;
				SDKROOT = iphoneos;
				SWIFT_OPTIMIZATION_LEVEL = "-Onone";
			};
			name = Debug;
		};
		F0301DEB1C20574100301CA8 /* Release */ = {
			isa = XCBuildConfiguration;
			buildSettings = {
				ALWAYS_SEARCH_USER_PATHS = NO;
				CLANG_CXX_LANGUAGE_STANDARD = "gnu++0x";
				CLANG_CXX_LIBRARY = "libc++";
				CLANG_ENABLE_MODULES = YES;
				CLANG_ENABLE_OBJC_ARC = YES;
				CLANG_WARN_BOOL_CONVERSION = YES;
				CLANG_WARN_CONSTANT_CONVERSION = YES;
				CLANG_WARN_DIRECT_OBJC_ISA_USAGE = YES_ERROR;
				CLANG_WARN_EMPTY_BODY = YES;
				CLANG_WARN_ENUM_CONVERSION = YES;
				CLANG_WARN_INT_CONVERSION = YES;
				CLANG_WARN_OBJC_ROOT_CLASS = YES_ERROR;
				CLANG_WARN_UNREACHABLE_CODE = YES;
				CLANG_WARN__DUPLICATE_METHOD_MATCH = YES;
				"CODE_SIGN_IDENTITY[sdk=iphoneos*]" = "iPhone Developer";
				COPY_PHASE_STRIP = NO;
				DEBUG_INFORMATION_FORMAT = "dwarf-with-dsym";
				ENABLE_NS_ASSERTIONS = NO;
				ENABLE_STRICT_OBJC_MSGSEND = YES;
				GCC_C_LANGUAGE_STANDARD = gnu99;
				GCC_NO_COMMON_BLOCKS = YES;
				GCC_WARN_64_TO_32_BIT_CONVERSION = YES;
				GCC_WARN_ABOUT_RETURN_TYPE = YES_ERROR;
				GCC_WARN_UNDECLARED_SELECTOR = YES;
				GCC_WARN_UNINITIALIZED_AUTOS = YES_AGGRESSIVE;
				GCC_WARN_UNUSED_FUNCTION = YES;
				GCC_WARN_UNUSED_VARIABLE = YES;
				IPHONEOS_DEPLOYMENT_TARGET = 9.1;
				MTL_ENABLE_DEBUG_INFO = NO;
				SDKROOT = iphoneos;
				VALIDATE_PRODUCT = YES;
			};
			name = Release;
		};
		F0301DED1C20574100301CA8 /* Debug */ = {
			isa = XCBuildConfiguration;
			buildSettings = {
				ASSETCATALOG_COMPILER_APPICON_NAME = AppIcon;
				INFOPLIST_FILE = "Slide Menu/Info.plist";
				LD_RUNPATH_SEARCH_PATHS = "$(inherited) @executable_path/Frameworks";
				PRODUCT_BUNDLE_IDENTIFIER = "com.amrit.Slide-Menu";
				PRODUCT_NAME = "$(TARGET_NAME)";
			};
			name = Debug;
		};
		F0301DEE1C20574100301CA8 /* Release */ = {
			isa = XCBuildConfiguration;
			buildSettings = {
				ASSETCATALOG_COMPILER_APPICON_NAME = AppIcon;
				INFOPLIST_FILE = "Slide Menu/Info.plist";
				LD_RUNPATH_SEARCH_PATHS = "$(inherited) @executable_path/Frameworks";
				PRODUCT_BUNDLE_IDENTIFIER = "com.amrit.Slide-Menu";
				PRODUCT_NAME = "$(TARGET_NAME)";
			};
			name = Release;
		};
		F0301DF01C20574100301CA8 /* Debug */ = {
			isa = XCBuildConfiguration;
			buildSettings = {
				BUNDLE_LOADER = "$(TEST_HOST)";
				INFOPLIST_FILE = "Slide MenuTests/Info.plist";
				LD_RUNPATH_SEARCH_PATHS = "$(inherited) @executable_path/Frameworks @loader_path/Frameworks";
				PRODUCT_BUNDLE_IDENTIFIER = "com.amrit.Slide-MenuTests";
				PRODUCT_NAME = "$(TARGET_NAME)";
				TEST_HOST = "$(BUILT_PRODUCTS_DIR)/Slide Menu.app/Slide Menu";
			};
			name = Debug;
		};
		F0301DF11C20574100301CA8 /* Release */ = {
			isa = XCBuildConfiguration;
			buildSettings = {
				BUNDLE_LOADER = "$(TEST_HOST)";
				INFOPLIST_FILE = "Slide MenuTests/Info.plist";
				LD_RUNPATH_SEARCH_PATHS = "$(inherited) @executable_path/Frameworks @loader_path/Frameworks";
				PRODUCT_BUNDLE_IDENTIFIER = "com.amrit.Slide-MenuTests";
				PRODUCT_NAME = "$(TARGET_NAME)";
				TEST_HOST = "$(BUILT_PRODUCTS_DIR)/Slide Menu.app/Slide Menu";
			};
			name = Release;
		};
		F0301DF31C20574100301CA8 /* Debug */ = {
			isa = XCBuildConfiguration;
			buildSettings = {
				INFOPLIST_FILE = "Slide MenuUITests/Info.plist";
				LD_RUNPATH_SEARCH_PATHS = "$(inherited) @executable_path/Frameworks @loader_path/Frameworks";
				PRODUCT_BUNDLE_IDENTIFIER = "com.amrit.Slide-MenuUITests";
				PRODUCT_NAME = "$(TARGET_NAME)";
				TEST_TARGET_NAME = "Slide Menu";
				USES_XCTRUNNER = YES;
			};
			name = Debug;
		};
		F0301DF41C20574100301CA8 /* Release */ = {
			isa = XCBuildConfiguration;
			buildSettings = {
				INFOPLIST_FILE = "Slide MenuUITests/Info.plist";
				LD_RUNPATH_SEARCH_PATHS = "$(inherited) @executable_path/Frameworks @loader_path/Frameworks";
				PRODUCT_BUNDLE_IDENTIFIER = "com.amrit.Slide-MenuUITests";
				PRODUCT_NAME = "$(TARGET_NAME)";
				TEST_TARGET_NAME = "Slide Menu";
				USES_XCTRUNNER = YES;
			};
			name = Release;
		};
/* End XCBuildConfiguration section */

/* Begin XCConfigurationList section */
		F0301DBC1C20574000301CA8 /* Build configuration list for PBXProject "Slide Menu" */ = {
			isa = XCConfigurationList;
			buildConfigurations = (
				F0301DEA1C20574100301CA8 /* Debug */,
				F0301DEB1C20574100301CA8 /* Release */,
			);
			defaultConfigurationIsVisible = 0;
			defaultConfigurationName = Release;
		};
		F0301DEC1C20574100301CA8 /* Build configuration list for PBXNativeTarget "Slide Menu" */ = {
			isa = XCConfigurationList;
			buildConfigurations = (
				F0301DED1C20574100301CA8 /* Debug */,
				F0301DEE1C20574100301CA8 /* Release */,
			);
			defaultConfigurationIsVisible = 0;
		};
		F0301DEF1C20574100301CA8 /* Build configuration list for PBXNativeTarget "Slide MenuTests" */ = {
			isa = XCConfigurationList;
			buildConfigurations = (
				F0301DF01C20574100301CA8 /* Debug */,
				F0301DF11C20574100301CA8 /* Release */,
			);
			defaultConfigurationIsVisible = 0;
		};
		F0301DF21C20574100301CA8 /* Build configuration list for PBXNativeTarget "Slide MenuUITests" */ = {
			isa = XCConfigurationList;
			buildConfigurations = (
				F0301DF31C20574100301CA8 /* Debug */,
				F0301DF41C20574100301CA8 /* Release */,
			);
			defaultConfigurationIsVisible = 0;
		};
/* End XCConfigurationList section */

/* Begin XCVersionGroup section */
		F0301DCB1C20574000301CA8 /* Slide_Menu.xcdatamodeld */ = {
			isa = XCVersionGroup;
			children = (
				F0301DCC1C20574000301CA8 /* Slide_Menu.xcdatamodel */,
			);
			currentVersion = F0301DCC1C20574000301CA8 /* Slide_Menu.xcdatamodel */;
			path = Slide_Menu.xcdatamodeld;
			sourceTree = "<group>";
			versionGroupType = wrapper.xcdatamodel;
		};
/* End XCVersionGroup section */
	};
	rootObject = F0301DB91C20574000301CA8 /* Project object */;
}
